
Microsoft Visual Studio Solution File, Format Version 12.00
# Visual Studio Version 16
VisualStudioVersion = 16.0.31911.196
MinimumVisualStudioVersion = 10.0.40219.1
Project("{FAE04EC0-301F-11D3-BF4B-00C04F79EFBC}") = "NWD- Aplikacja formatkowa", "NWD- Aplikacja formatkowa.csproj", "{B91D6A23-06C6-4193-A4EB-8E190377A3E0}"
EndProject
Global
	GlobalSection(SolutionConfigurationPlatforms) = preSolution
		Debug|Any CPU = Debug|Any CPU
		Release|Any CPU = Release|Any CPU
	EndGlobalSection
	GlobalSection(ProjectConfigurationPlatforms) = postSolution
		{B91D6A23-06C6-4193-A4EB-8E190377A3E0}.Debug|Any CPU.ActiveCfg = Debug|Any CPU
		{B91D6A23-06C6-4193-A4EB-8E190377A3E0}.Debug|Any CPU.Build.0 = Debug|Any CPU
		{B91D6A23-06C6-4193-A4EB-8E190377A3E0}.Release|Any CPU.ActiveCfg = Release|Any CPU
		{B91D6A23-06C6-4193-A4EB-8E190377A3E0}.Release|Any CPU.Build.0 = Release|Any CPU
	EndGlobalSection
	GlobalSection(SolutionProperties) = preSolution
		HideSolutionNode = FALSE
	EndGlobalSection
	GlobalSection(ExtensibilityGlobals) = postSolution
		SolutionGuid = {47A6BDA3-5FB3-4BD3-B5CD-01F3265D3927}
	EndGlobalSection
EndGlobal
